{
    "name": "node-red-project",
    "version": "0.0.1",
    "lockfileVersion": 3,
    "requires": true,
    "packages": {
        "": {
            "name": "node-red-project",
            "version": "0.0.1",
            "dependencies": {
                "node-red-contrib-edgelink-modbus": "file:../node-red-contrib-edgelink-modbus",
                "node-red-contrib-edgelink-pg": "file:../node-red-contrib-edgelink-pg",
                "node-red-contrib-mcprotocol": "~1.2.1",
                "node-red-contrib-mitsubishi": "file:../../nodered - 副本/node-red-contrib-mitsubishi"
            }
        },
        "../../nodered - 副本/node-red-contrib-mitsubishi": {
            "version": "1.7.0",
            "license": "MIT",
            "devDependencies": {
                "mocha": "^10.8.2",
                "node-red-node-test-helper": "^0.3.4"
            },
            "engines": {
                "node": ">=14.0.0"
            }
        },
        "../node-red-contrib-edgelink-modbus": {
            "version": "1.4.0",
            "license": "MIT",
            "devDependencies": {
                "mocha": "^10.8.2",
                "node-red-node-test-helper": "^0.3.4"
            },
            "engines": {
                "node": ">=14.0.0"
            }
        },
        "../node-red-contrib-edgelink-pg": {
            "version": "1.6.1",
            "bundleDependencies": [
                "pg"
            ],
            "license": "MIT",
            "dependencies": {
                "pg": "^8.11.0"
            },
            "devDependencies": {
                "mocha": "^10.8.2",
                "node-red-node-test-helper": "^0.3.4",
                "proxyquire": "^2.1.3",
                "sinon": "^19.0.2"
            },
            "engines": {
                "node": ">=14.0.0"
            }
        },
        "node_modules/node-red-contrib-edgelink-modbus": {
            "resolved": "../node-red-contrib-edgelink-modbus",
            "link": true
        },
        "node_modules/node-red-contrib-edgelink-pg": {
            "resolved": "../node-red-contrib-edgelink-pg",
            "link": true
        },
        "node_modules/node-red-contrib-mcprotocol": {
            "version": "1.2.1",
            "resolved": "https://registry.npmmirror.com/node-red-contrib-mcprotocol/-/node-red-contrib-mcprotocol-1.2.1.tgz",
            "integrity": "sha512-71jSqkmkDdkWNFxfrfaHNNt6jZabiij518ztbbH4MCzbPr1VVGuYG/TfyZBIIDM/sLnQ4lIg0R2wEsOXf34sCw==",
            "license": "MIT"
        },
        "node_modules/node-red-contrib-mitsubishi": {
            "resolved": "../../nodered - 副本/node-red-contrib-mitsubishi",
            "link": true
        }
    }
}
